
Microsoft Visual Studio Solution File, Format Version 12.00
# Visual Studio Version 16
VisualStudioVersion = 16.0.30413.136
MinimumVisualStudioVersion = 10.0.40219.1
Project("{9A19103F-16F7-4668-BE54-9A1E7A4F7556}") = "ImageClassificationExample", "ImageClassificationExample\ImageClassificationExample.csproj", "{188959F0-F1FF-4F66-9A2A-2B4888FC349D}"
EndProject
Project("{9A19103F-16F7-4668-BE54-9A1E7A4F7556}") = "ImageClassificationExampleML.Model", "ImageClassificationExampleML.Model\ImageClassificationExampleML.Model.csproj", "{AD178B7D-3F10-46C8-9C48-EFB7AE8334EB}"
EndProject
Project("{9A19103F-16F7-4668-BE54-9A1E7A4F7556}") = "ImageClassificationExampleML.ConsoleApp", "ImageClassificationExampleML.ConsoleApp\ImageClassificationExampleML.ConsoleApp.csproj", "{0C70A548-0D54-497C-8D17-4EE25522108B}"
EndProject
Global
	GlobalSection(SolutionConfigurationPlatforms) = preSolution
		Debug|Any CPU = Debug|Any CPU
		Release|Any CPU = Release|Any CPU
	EndGlobalSection
	GlobalSection(ProjectConfigurationPlatforms) = postSolution
		{188959F0-F1FF-4F66-9A2A-2B4888FC349D}.Debug|Any CPU.ActiveCfg = Debug|Any CPU
		{188959F0-F1FF-4F66-9A2A-2B4888FC349D}.Debug|Any CPU.Build.0 = Debug|Any CPU
		{188959F0-F1FF-4F66-9A2A-2B4888FC349D}.Release|Any CPU.ActiveCfg = Release|Any CPU
		{188959F0-F1FF-4F66-9A2A-2B4888FC349D}.Release|Any CPU.Build.0 = Release|Any CPU
		{AD178B7D-3F10-46C8-9C48-EFB7AE8334EB}.Debug|Any CPU.ActiveCfg = Debug|Any CPU
		{AD178B7D-3F10-46C8-9C48-EFB7AE8334EB}.Debug|Any CPU.Build.0 = Debug|Any CPU
		{AD178B7D-3F10-46C8-9C48-EFB7AE8334EB}.Release|Any CPU.ActiveCfg = Release|Any CPU
		{AD178B7D-3F10-46C8-9C48-EFB7AE8334EB}.Release|Any CPU.Build.0 = Release|Any CPU
		{0C70A548-0D54-497C-8D17-4EE25522108B}.Debug|Any CPU.ActiveCfg = Debug|Any CPU
		{0C70A548-0D54-497C-8D17-4EE25522108B}.Debug|Any CPU.Build.0 = Debug|Any CPU
		{0C70A548-0D54-497C-8D17-4EE25522108B}.Release|Any CPU.ActiveCfg = Release|Any CPU
		{0C70A548-0D54-497C-8D17-4EE25522108B}.Release|Any CPU.Build.0 = Release|Any CPU
	EndGlobalSection
	GlobalSection(SolutionProperties) = preSolution
		HideSolutionNode = FALSE
	EndGlobalSection
	GlobalSection(ExtensibilityGlobals) = postSolution
		SolutionGuid = {A0953E67-DD22-4E5A-A544-39568165BC9F}
	EndGlobalSection
EndGlobal
